
Microsoft Visual Studio Solution File, Format Version 11.00
# Visual Studio 2010
Project("{FAE04EC0-301F-11D3-BF4B-00C04F79EFBC}") = "Vuforia_text", "Assembly-CSharp.csproj", "{98A9489E-3EC7-FC27-5484-05E061A1E5AB}"
EndProject
Project("{FAE04EC0-301F-11D3-BF4B-00C04F79EFBC}") = "Vuforia_text", "Assembly-CSharp-Editor.csproj", "{99089150-6B04-8604-1D39-BCFBFB7D6D6C}"
EndProject
Global
	GlobalSection(SolutionConfigurationPlatforms) = preSolution
		Debug|Any CPU = Debug|Any CPU
		Release|Any CPU = Release|Any CPU
	EndGlobalSection
	GlobalSection(ProjectConfigurationPlatforms) = postSolution
		{98A9489E-3EC7-FC27-5484-05E061A1E5AB}.Debug|Any CPU.ActiveCfg = Debug|Any CPU
		{98A9489E-3EC7-FC27-5484-05E061A1E5AB}.Debug|Any CPU.Build.0 = Debug|Any CPU
		{98A9489E-3EC7-FC27-5484-05E061A1E5AB}.Release|Any CPU.ActiveCfg = Release|Any CPU
		{98A9489E-3EC7-FC27-5484-05E061A1E5AB}.Release|Any CPU.Build.0 = Release|Any CPU
		{99089150-6B04-8604-1D39-BCFBFB7D6D6C}.Debug|Any CPU.ActiveCfg = Debug|Any CPU
		{99089150-6B04-8604-1D39-BCFBFB7D6D6C}.Debug|Any CPU.Build.0 = Debug|Any CPU
		{99089150-6B04-8604-1D39-BCFBFB7D6D6C}.Release|Any CPU.ActiveCfg = Release|Any CPU
		{99089150-6B04-8604-1D39-BCFBFB7D6D6C}.Release|Any CPU.Build.0 = Release|Any CPU
	EndGlobalSection
	GlobalSection(SolutionProperties) = preSolution
		HideSolutionNode = FALSE
	EndGlobalSection
	GlobalSection(MonoDevelopProperties) = preSolution
		StartupItem = Assembly-CSharp.csproj
	EndGlobalSection
EndGlobal
